
Microsoft Visual Studio Solution File, Format Version 12.00
# Visual Studio Version 17
VisualStudioVersion = 17.8.34112.27
MinimumVisualStudioVersion = 10.0.40219.1
Project("{FAE04EC0-301F-11D3-BF4B-00C04F79EFBC}") = "Day 7", "Day 7\Day 7.csproj", "{90DE167A-CC40-4E9C-9C7C-C78A1245AA0C}"
EndProject
Global
	GlobalSection(SolutionConfigurationPlatforms) = preSolution
		Debug|Any CPU = Debug|Any CPU
		Release|Any CPU = Release|Any CPU
	EndGlobalSection
	GlobalSection(ProjectConfigurationPlatforms) = postSolution
		{90DE167A-CC40-4E9C-9C7C-C78A1245AA0C}.Debug|Any CPU.ActiveCfg = Debug|Any CPU
		{90DE167A-CC40-4E9C-9C7C-C78A1245AA0C}.Debug|Any CPU.Build.0 = Debug|Any CPU
		{90DE167A-CC40-4E9C-9C7C-C78A1245AA0C}.Release|Any CPU.ActiveCfg = Release|Any CPU
		{90DE167A-CC40-4E9C-9C7C-C78A1245AA0C}.Release|Any CPU.Build.0 = Release|Any CPU
	EndGlobalSection
	GlobalSection(SolutionProperties) = preSolution
		HideSolutionNode = FALSE
	EndGlobalSection
	GlobalSection(ExtensibilityGlobals) = postSolution
		SolutionGuid = {17820319-9EA5-46D7-9E85-8CDBF4AA900D}
	EndGlobalSection
EndGlobal
